
Microsoft Visual Studio Solution File, Format Version 12.00
# Visual Studio Version 17
VisualStudioVersion = 17.8.34511.84
MinimumVisualStudioVersion = 10.0.40219.1
Project("{FAE04EC0-301F-11D3-BF4B-00C04F79EFBC}") = "GuessGame", "GuessGame\GuessGame.csproj", "{93D9FEC1-DD4E-488D-9676-BBDC1CE39776}"
EndProject
Global
	GlobalSection(SolutionConfigurationPlatforms) = preSolution
		Debug|Any CPU = Debug|Any CPU
		Release|Any CPU = Release|Any CPU
	EndGlobalSection
	GlobalSection(ProjectConfigurationPlatforms) = postSolution
		{93D9FEC1-DD4E-488D-9676-BBDC1CE39776}.Debug|Any CPU.ActiveCfg = Debug|Any CPU
		{93D9FEC1-DD4E-488D-9676-BBDC1CE39776}.Debug|Any CPU.Build.0 = Debug|Any CPU
		{93D9FEC1-DD4E-488D-9676-BBDC1CE39776}.Release|Any CPU.ActiveCfg = Release|Any CPU
		{93D9FEC1-DD4E-488D-9676-BBDC1CE39776}.Release|Any CPU.Build.0 = Release|Any CPU
	EndGlobalSection
	GlobalSection(SolutionProperties) = preSolution
		HideSolutionNode = FALSE
	EndGlobalSection
	GlobalSection(ExtensibilityGlobals) = postSolution
		SolutionGuid = {B78599CB-3257-4836-A440-6DAB25A25465}
	EndGlobalSection
EndGlobal
